// !$*UTF8*$!
{
	archiveVersion = 1;
	classes = {
	};
	objectVersion = 46;
	objects = {

/* Begin PBXBuildFile section */
		1F00C44F180643A800E6A248 /* HelperTools.m in Sources */ = {isa = PBXBuildFile; fileRef = 1F00C44E180643A800E6A248 /* HelperTools.m */; };
		1F0C54E8180269FE00CAFC23 /* AFHTTPRequestOperation.m in Sources */ = {isa = PBXBuildFile; fileRef = 1F0C54D6180269FE00CAFC23 /* AFHTTPRequestOperation.m */; };
		1F0C54E9180269FE00CAFC23 /* AFHTTPRequestOperationManager.m in Sources */ = {isa = PBXBuildFile; fileRef = 1F0C54D8180269FE00CAFC23 /* AFHTTPRequestOperationManager.m */; };
		1F0C54EA180269FE00CAFC23 /* AFHTTPSessionManager.m in Sources */ = {isa = PBXBuildFile; fileRef = 1F0C54DA180269FE00CAFC23 /* AFHTTPSessionManager.m */; };
		1F0C54EB180269FE00CAFC23 /* AFNetworkReachabilityManager.m in Sources */ = {isa = PBXBuildFile; fileRef = 1F0C54DD180269FE00CAFC23 /* AFNetworkReachabilityManager.m */; };
		1F0C54EC180269FE00CAFC23 /* AFSecurityPolicy.m in Sources */ = {isa = PBXBuildFile; fileRef = 1F0C54DF180269FE00CAFC23 /* AFSecurityPolicy.m */; };
		1F0C54ED180269FE00CAFC23 /* AFURLConnectionOperation.m in Sources */ = {isa = PBXBuildFile; fileRef = 1F0C54E1180269FE00CAFC23 /* AFURLConnectionOperation.m */; };
		1F0C54EE180269FE00CAFC23 /* AFURLRequestSerialization.m in Sources */ = {isa = PBXBuildFile; fileRef = 1F0C54E3180269FE00CAFC23 /* AFURLRequestSerialization.m */; };
		1F0C54EF180269FE00CAFC23 /* AFURLResponseSerialization.m in Sources */ = {isa = PBXBuildFile; fileRef = 1F0C54E5180269FE00CAFC23 /* AFURLResponseSerialization.m */; };
		1F0C54F0180269FE00CAFC23 /* AFURLSessionManager.m in Sources */ = {isa = PBXBuildFile; fileRef = 1F0C54E7180269FE00CAFC23 /* AFURLSessionManager.m */; };
		1F1AFADB17FBE6E7001072F3 /* ConfigHelper.m in Sources */ = {isa = PBXBuildFile; fileRef = 1F1AFADA17FBE6E7001072F3 /* ConfigHelper.m */; };
		1F1AFADF17FBF419001072F3 /* HelpViewController.m in Sources */ = {isa = PBXBuildFile; fileRef = 1F1AFADD17FBF419001072F3 /* HelpViewController.m */; };
		1F1AFAE017FBF419001072F3 /* HelpViewController.xib in Resources */ = {isa = PBXBuildFile; fileRef = 1F1AFADE17FBF419001072F3 /* HelpViewController.xib */; };
		1F1AFAE417FBF436001072F3 /* AboutViewController.m in Sources */ = {isa = PBXBuildFile; fileRef = 1F1AFAE217FBF436001072F3 /* AboutViewController.m */; };
		1F1AFAE517FBF436001072F3 /* AboutViewController.xib in Resources */ = {isa = PBXBuildFile; fileRef = 1F1AFAE317FBF436001072F3 /* AboutViewController.xib */; };
		8215E4DF17FAB6EC00B0F43C /* StarsViewController.m in Sources */ = {isa = PBXBuildFile; fileRef = 8215E4DD17FAB6EC00B0F43C /* StarsViewController.m */; };
		8215E4E017FAB6EC00B0F43C /* StarsViewController.xib in Resources */ = {isa = PBXBuildFile; fileRef = 8215E4DE17FAB6EC00B0F43C /* StarsViewController.xib */; };
		8215E4E417FAB6FF00B0F43C /* IssuesViewController.m in Sources */ = {isa = PBXBuildFile; fileRef = 8215E4E217FAB6FF00B0F43C /* IssuesViewController.m */; };
		8215E4E517FAB6FF00B0F43C /* IssuesViewController.xib in Resources */ = {isa = PBXBuildFile; fileRef = 8215E4E317FAB6FF00B0F43C /* IssuesViewController.xib */; };
		8215E4E917FAB70A00B0F43C /* RepositoryViewController.m in Sources */ = {isa = PBXBuildFile; fileRef = 8215E4E717FAB70A00B0F43C /* RepositoryViewController.m */; };
		8215E4EA17FAB70A00B0F43C /* RepositoryViewController.xib in Resources */ = {isa = PBXBuildFile; fileRef = 8215E4E817FAB70A00B0F43C /* RepositoryViewController.xib */; };
		8215E4EE17FAB71300B0F43C /* UsersViewController.m in Sources */ = {isa = PBXBuildFile; fileRef = 8215E4EC17FAB71300B0F43C /* UsersViewController.m */; };
		8215E4EF17FAB71300B0F43C /* UsersViewController.xib in Resources */ = {isa = PBXBuildFile; fileRef = 8215E4ED17FAB71300B0F43C /* UsersViewController.xib */; };
		8215E4F317FAB72100B0F43C /* SettingsViewController.m in Sources */ = {isa = PBXBuildFile; fileRef = 8215E4F117FAB72100B0F43C /* SettingsViewController.m */; };
		8215E4F417FAB72100B0F43C /* SettingsViewController.xib in Resources */ = {isa = PBXBuildFile; fileRef = 8215E4F217FAB72100B0F43C /* SettingsViewController.xib */; };
		82170D4E17FBA1EB00F311BA /* .gitignore in Resources */ = {isa = PBXBuildFile; fileRef = 82170D4D17FBA1EB00F311BA /* .gitignore */; };
		82170D5017FBA21500F311BA /* LICENSE in Resources */ = {isa = PBXBuildFile; fileRef = 82170D4F17FBA21500F311BA /* LICENSE */; };
		821F6E7C1808AAFF00BE0B74 /* WebViewController.m in Sources */ = {isa = PBXBuildFile; fileRef = 821F6E7A1808AAFF00BE0B74 /* WebViewController.m */; };
		821F6E7D1808AAFF00BE0B74 /* WebViewController.xib in Resources */ = {isa = PBXBuildFile; fileRef = 821F6E7B1808AAFF00BE0B74 /* WebViewController.xib */; };
		8233D77C1803CB0300942BB6 /* NewsFeedChannel.m in Sources */ = {isa = PBXBuildFile; fileRef = 8233D77B1803CB0300942BB6 /* NewsFeedChannel.m */; };
		8233D77F1803CB6200942BB6 /* NewsFeedPost.m in Sources */ = {isa = PBXBuildFile; fileRef = 8233D77E1803CB6200942BB6 /* NewsFeedPost.m */; };
		827CA90917EB07A800490E88 /* Foundation.framework in Frameworks */ = {isa = PBXBuildFile; fileRef = 827CA90817EB07A800490E88 /* Foundation.framework */; };
		827CA90B17EB07A800490E88 /* CoreGraphics.framework in Frameworks */ = {isa = PBXBuildFile; fileRef = 827CA90A17EB07A800490E88 /* CoreGraphics.framework */; };
		827CA90D17EB07A800490E88 /* UIKit.framework in Frameworks */ = {isa = PBXBuildFile; fileRef = 827CA90C17EB07A800490E88 /* UIKit.framework */; };
		827CA91317EB07A800490E88 /* InfoPlist.strings in Resources */ = {isa = PBXBuildFile; fileRef = 827CA91117EB07A800490E88 /* InfoPlist.strings */; };
		827CA91517EB07A800490E88 /* main.m in Sources */ = {isa = PBXBuildFile; fileRef = 827CA91417EB07A800490E88 /* main.m */; };
		827CA91917EB07A800490E88 /* AppDelegate.m in Sources */ = {isa = PBXBuildFile; fileRef = 827CA91817EB07A800490E88 /* AppDelegate.m */; };
		827CA91B17EB07A800490E88 /* Images.xcassets in Resources */ = {isa = PBXBuildFile; fileRef = 827CA91A17EB07A800490E88 /* Images.xcassets */; };
		827CA92217EB07A800490E88 /* XCTest.framework in Frameworks */ = {isa = PBXBuildFile; fileRef = 827CA92117EB07A800490E88 /* XCTest.framework */; };
		827CA92317EB07A800490E88 /* Foundation.framework in Frameworks */ = {isa = PBXBuildFile; fileRef = 827CA90817EB07A800490E88 /* Foundation.framework */; };
		827CA92417EB07A800490E88 /* UIKit.framework in Frameworks */ = {isa = PBXBuildFile; fileRef = 827CA90C17EB07A800490E88 /* UIKit.framework */; };
		827CA92C17EB07A800490E88 /* InfoPlist.strings in Resources */ = {isa = PBXBuildFile; fileRef = 827CA92A17EB07A800490E88 /* InfoPlist.strings */; };
		827CA92E17EB07A800490E88 /* GitHubViewTests.m in Sources */ = {isa = PBXBuildFile; fileRef = 827CA92D17EB07A800490E88 /* GitHubViewTests.m */; };
		827CA93E17EB088D00490E88 /* PKRevealController.m in Sources */ = {isa = PBXBuildFile; fileRef = 827CA93917EB088D00490E88 /* PKRevealController.m */; };
		827CA93F17EB088D00490E88 /* PKRevealControllerContainerView.m in Sources */ = {isa = PBXBuildFile; fileRef = 827CA93B17EB088D00490E88 /* PKRevealControllerContainerView.m */; };
		827CA94017EB088D00490E88 /* UIViewController+PKRevealController.m in Sources */ = {isa = PBXBuildFile; fileRef = 827CA93D17EB088D00490E88 /* UIViewController+PKRevealController.m */; };
		827CA94917EB09B200490E88 /* LeftMenuViewController.m in Sources */ = {isa = PBXBuildFile; fileRef = 827CA94717EB09B200490E88 /* LeftMenuViewController.m */; };
		827CA94A17EB09B200490E88 /* LeftMenuViewController.xib in Resources */ = {isa = PBXBuildFile; fileRef = 827CA94817EB09B200490E88 /* LeftMenuViewController.xib */; };
		827CA94E17EB0A0C00490E88 /* NewsFeedViewController.m in Sources */ = {isa = PBXBuildFile; fileRef = 827CA94C17EB0A0C00490E88 /* NewsFeedViewController.m */; };
		827CA94F17EB0A0C00490E88 /* NewsFeedViewController.xib in Resources */ = {isa = PBXBuildFile; fileRef = 827CA94D17EB0A0C00490E88 /* NewsFeedViewController.xib */; };
		82E6513017F57E93000653F2 /* AccountViewController.m in Sources */ = {isa = PBXBuildFile; fileRef = 82E6512E17F57E93000653F2 /* AccountViewController.m */; };
		82E6513117F57E93000653F2 /* AccountViewController.xib in Resources */ = {isa = PBXBuildFile; fileRef = 82E6512F17F57E93000653F2 /* AccountViewController.xib */; };
		82F26C12180775A80069B9D7 /* RepoInfoViewController.m in Sources */ = {isa = PBXBuildFile; fileRef = 82F26C10180775A80069B9D7 /* RepoInfoViewController.m */; };
		82F26C13180775A80069B9D7 /* RepoInfoViewController.xib in Resources */ = {isa = PBXBuildFile; fileRef = 82F26C11180775A80069B9D7 /* RepoInfoViewController.xib */; };
/* End PBXBuildFile section */

/* Begin PBXContainerItemProxy section */
		827CA92517EB07A800490E88 /* PBXContainerItemProxy */ = {
			isa = PBXContainerItemProxy;
			containerPortal = 827CA8FD17EB07A800490E88 /* Project object */;
			proxyType = 1;
			remoteGlobalIDString = 827CA90417EB07A800490E88;
			remoteInfo = GitHubView;
		};
/* End PBXContainerItemProxy section */

/* Begin PBXFileReference section */
		1F00C44D180643A800E6A248 /* HelperTools.h */ = {isa = PBXFileReference; fileEncoding = 4; lastKnownFileType = sourcecode.c.h; path = HelperTools.h; sourceTree = "<group>"; };
		1F00C44E180643A800E6A248 /* HelperTools.m */ = {isa = PBXFileReference; fileEncoding = 4; lastKnownFileType = sourcecode.c.objc; path = HelperTools.m; sourceTree = "<group>"; };
		1F0C54D5180269FE00CAFC23 /* AFHTTPRequestOperation.h */ = {isa = PBXFileReference; fileEncoding = 4; lastKnownFileType = sourcecode.c.h; path = AFHTTPRequestOperation.h; sourceTree = "<group>"; };
		1F0C54D6180269FE00CAFC23 /* AFHTTPRequestOperation.m */ = {isa = PBXFileReference; fileEncoding = 4; lastKnownFileType = sourcecode.c.objc; path = AFHTTPRequestOperation.m; sourceTree = "<group>"; };
		1F0C54D7180269FE00CAFC23 /* AFHTTPRequestOperationManager.h */ = {isa = PBXFileReference; fileEncoding = 4; lastKnownFileType = sourcecode.c.h; path = AFHTTPRequestOperationManager.h; sourceTree = "<group>"; };
		1F0C54D8180269FE00CAFC23 /* AFHTTPRequestOperationManager.m */ = {isa = PBXFileReference; fileEncoding = 4; lastKnownFileType = sourcecode.c.objc; path = AFHTTPRequestOperationManager.m; sourceTree = "<group>"; };
		1F0C54D9180269FE00CAFC23 /* AFHTTPSessionManager.h */ = {isa = PBXFileReference; fileEncoding = 4; lastKnownFileType = sourcecode.c.h; path = AFHTTPSessionManager.h; sourceTree = "<group>"; };
		1F0C54DA180269FE00CAFC23 /* AFHTTPSessionManager.m */ = {isa = PBXFileReference; fileEncoding = 4; lastKnownFileType = sourcecode.c.objc; path = AFHTTPSessionManager.m; sourceTree = "<group>"; };
		1F0C54DB180269FE00CAFC23 /* AFNetworking.h */ = {isa = PBXFileReference; fileEncoding = 4; lastKnownFileType = sourcecode.c.h; path = AFNetworking.h; sourceTree = "<group>"; };
		1F0C54DC180269FE00CAFC23 /* AFNetworkReachabilityManager.h */ = {isa = PBXFileReference; fileEncoding = 4; lastKnownFileType = sourcecode.c.h; path = AFNetworkReachabilityManager.h; sourceTree = "<group>"; };
		1F0C54DD180269FE00CAFC23 /* AFNetworkReachabilityManager.m */ = {isa = PBXFileReference; fileEncoding = 4; lastKnownFileType = sourcecode.c.objc; path = AFNetworkReachabilityManager.m; sourceTree = "<group>"; };
		1F0C54DE180269FE00CAFC23 /* AFSecurityPolicy.h */ = {isa = PBXFileReference; fileEncoding = 4; lastKnownFileType = sourcecode.c.h; path = AFSecurityPolicy.h; sourceTree = "<group>"; };
		1F0C54DF180269FE00CAFC23 /* AFSecurityPolicy.m */ = {isa = PBXFileReference; fileEncoding = 4; lastKnownFileType = sourcecode.c.objc; path = AFSecurityPolicy.m; sourceTree = "<group>"; };
		1F0C54E0180269FE00CAFC23 /* AFURLConnectionOperation.h */ = {isa = PBXFileReference; fileEncoding = 4; lastKnownFileType = sourcecode.c.h; path = AFURLConnectionOperation.h; sourceTree = "<group>"; };
		1F0C54E1180269FE00CAFC23 /* AFURLConnectionOperation.m */ = {isa = PBXFileReference; fileEncoding = 4; lastKnownFileType = sourcecode.c.objc; path = AFURLConnectionOperation.m; sourceTree = "<group>"; };
		1F0C54E2180269FE00CAFC23 /* AFURLRequestSerialization.h */ = {isa = PBXFileReference; fileEncoding = 4; lastKnownFileType = sourcecode.c.h; path = AFURLRequestSerialization.h; sourceTree = "<group>"; };
		1F0C54E3180269FE00CAFC23 /* AFURLRequestSerialization.m */ = {isa = PBXFileReference; fileEncoding = 4; lastKnownFileType = sourcecode.c.objc; path = AFURLRequestSerialization.m; sourceTree = "<group>"; };
		1F0C54E4180269FE00CAFC23 /* AFURLResponseSerialization.h */ = {isa = PBXFileReference; fileEncoding = 4; lastKnownFileType = sourcecode.c.h; path = AFURLResponseSerialization.h; sourceTree = "<group>"; };
		1F0C54E5180269FE00CAFC23 /* AFURLResponseSerialization.m */ = {isa = PBXFileReference; fileEncoding = 4; lastKnownFileType = sourcecode.c.objc; path = AFURLResponseSerialization.m; sourceTree = "<group>"; };
		1F0C54E6180269FE00CAFC23 /* AFURLSessionManager.h */ = {isa = PBXFileReference; fileEncoding = 4; lastKnownFileType = sourcecode.c.h; path = AFURLSessionManager.h; sourceTree = "<group>"; };
		1F0C54E7180269FE00CAFC23 /* AFURLSessionManager.m */ = {isa = PBXFileReference; fileEncoding = 4; lastKnownFileType = sourcecode.c.objc; path = AFURLSessionManager.m; sourceTree = "<group>"; };
		1F1AFAD917FBE6E7001072F3 /* ConfigHelper.h */ = {isa = PBXFileReference; fileEncoding = 4; lastKnownFileType = sourcecode.c.h; path = ConfigHelper.h; sourceTree = "<group>"; };
		1F1AFADA17FBE6E7001072F3 /* ConfigHelper.m */ = {isa = PBXFileReference; fileEncoding = 4; lastKnownFileType = sourcecode.c.objc; path = ConfigHelper.m; sourceTree = "<group>"; };
		1F1AFADC17FBF419001072F3 /* HelpViewController.h */ = {isa = PBXFileReference; fileEncoding = 4; lastKnownFileType = sourcecode.c.h; path = HelpViewController.h; sourceTree = "<group>"; };
		1F1AFADD17FBF419001072F3 /* HelpViewController.m */ = {isa = PBXFileReference; fileEncoding = 4; lastKnownFileType = sourcecode.c.objc; path = HelpViewController.m; sourceTree = "<group>"; };
		1F1AFADE17FBF419001072F3 /* HelpViewController.xib */ = {isa = PBXFileReference; fileEncoding = 4; lastKnownFileType = file.xib; path = HelpViewController.xib; sourceTree = "<group>"; };
		1F1AFAE117FBF436001072F3 /* AboutViewController.h */ = {isa = PBXFileReference; fileEncoding = 4; lastKnownFileType = sourcecode.c.h; path = AboutViewController.h; sourceTree = "<group>"; };
		1F1AFAE217FBF436001072F3 /* AboutViewController.m */ = {isa = PBXFileReference; fileEncoding = 4; lastKnownFileType = sourcecode.c.objc; path = AboutViewController.m; sourceTree = "<group>"; };
		1F1AFAE317FBF436001072F3 /* AboutViewController.xib */ = {isa = PBXFileReference; fileEncoding = 4; lastKnownFileType = file.xib; path = AboutViewController.xib; sourceTree = "<group>"; };
		8215E4DC17FAB6EC00B0F43C /* StarsViewController.h */ = {isa = PBXFileReference; fileEncoding = 4; lastKnownFileType = sourcecode.c.h; path = StarsViewController.h; sourceTree = "<group>"; };
		8215E4DD17FAB6EC00B0F43C /* StarsViewController.m */ = {isa = PBXFileReference; fileEncoding = 4; lastKnownFileType = sourcecode.c.objc; path = StarsViewController.m; sourceTree = "<group>"; };
		8215E4DE17FAB6EC00B0F43C /* StarsViewController.xib */ = {isa = PBXFileReference; fileEncoding = 4; lastKnownFileType = file.xib; path = StarsViewController.xib; sourceTree = "<group>"; };
		8215E4E117FAB6FF00B0F43C /* IssuesViewController.h */ = {isa = PBXFileReference; fileEncoding = 4; lastKnownFileType = sourcecode.c.h; path = IssuesViewController.h; sourceTree = "<group>"; };
		8215E4E217FAB6FF00B0F43C /* IssuesViewController.m */ = {isa = PBXFileReference; fileEncoding = 4; lastKnownFileType = sourcecode.c.objc; path = IssuesViewController.m; sourceTree = "<group>"; };
		8215E4E317FAB6FF00B0F43C /* IssuesViewController.xib */ = {isa = PBXFileReference; fileEncoding = 4; lastKnownFileType = file.xib; path = IssuesViewController.xib; sourceTree = "<group>"; };
		8215E4E617FAB70A00B0F43C /* RepositoryViewController.h */ = {isa = PBXFileReference; fileEncoding = 4; lastKnownFileType = sourcecode.c.h; path = RepositoryViewController.h; sourceTree = "<group>"; };
		8215E4E717FAB70A00B0F43C /* RepositoryViewController.m */ = {isa = PBXFileReference; fileEncoding = 4; lastKnownFileType = sourcecode.c.objc; path = RepositoryViewController.m; sourceTree = "<group>"; };
		8215E4E817FAB70A00B0F43C /* RepositoryViewController.xib */ = {isa = PBXFileReference; fileEncoding = 4; lastKnownFileType = file.xib; path = RepositoryViewController.xib; sourceTree = "<group>"; };
		8215E4EB17FAB71300B0F43C /* UsersViewController.h */ = {isa = PBXFileReference; fileEncoding = 4; lastKnownFileType = sourcecode.c.h; path = UsersViewController.h; sourceTree = "<group>"; };
		8215E4EC17FAB71300B0F43C /* UsersViewController.m */ = {isa = PBXFileReference; fileEncoding = 4; lastKnownFileType = sourcecode.c.objc; path = UsersViewController.m; sourceTree = "<group>"; };
		8215E4ED17FAB71300B0F43C /* UsersViewController.xib */ = {isa = PBXFileReference; fileEncoding = 4; lastKnownFileType = file.xib; path = UsersViewController.xib; sourceTree = "<group>"; };
		8215E4F017FAB72100B0F43C /* SettingsViewController.h */ = {isa = PBXFileReference; fileEncoding = 4; lastKnownFileType = sourcecode.c.h; path = SettingsViewController.h; sourceTree = "<group>"; };
		8215E4F117FAB72100B0F43C /* SettingsViewController.m */ = {isa = PBXFileReference; fileEncoding = 4; lastKnownFileType = sourcecode.c.objc; path = SettingsViewController.m; sourceTree = "<group>"; };
		8215E4F217FAB72100B0F43C /* SettingsViewController.xib */ = {isa = PBXFileReference; fileEncoding = 4; lastKnownFileType = file.xib; path = SettingsViewController.xib; sourceTree = "<group>"; };
		82170D4D17FBA1EB00F311BA /* .gitignore */ = {isa = PBXFileReference; fileEncoding = 4; lastKnownFileType = text; path = .gitignore; sourceTree = "<group>"; };
		82170D4F17FBA21500F311BA /* LICENSE */ = {isa = PBXFileReference; fileEncoding = 4; lastKnownFileType = text; path = LICENSE; sourceTree = "<group>"; };
		821F6E791808AAFF00BE0B74 /* WebViewController.h */ = {isa = PBXFileReference; fileEncoding = 4; lastKnownFileType = sourcecode.c.h; path = WebViewController.h; sourceTree = "<group>"; };
		821F6E7A1808AAFF00BE0B74 /* WebViewController.m */ = {isa = PBXFileReference; fileEncoding = 4; lastKnownFileType = sourcecode.c.objc; path = WebViewController.m; sourceTree = "<group>"; };
		821F6E7B1808AAFF00BE0B74 /* WebViewController.xib */ = {isa = PBXFileReference; fileEncoding = 4; lastKnownFileType = file.xib; path = WebViewController.xib; sourceTree = "<group>"; };
		8233D77A1803CB0300942BB6 /* NewsFeedChannel.h */ = {isa = PBXFileReference; fileEncoding = 4; lastKnownFileType = sourcecode.c.h; path = NewsFeedChannel.h; sourceTree = "<group>"; };
		8233D77B1803CB0300942BB6 /* NewsFeedChannel.m */ = {isa = PBXFileReference; fileEncoding = 4; lastKnownFileType = sourcecode.c.objc; path = NewsFeedChannel.m; sourceTree = "<group>"; };
		8233D77D1803CB6200942BB6 /* NewsFeedPost.h */ = {isa = PBXFileReference; fileEncoding = 4; lastKnownFileType = sourcecode.c.h; path = NewsFeedPost.h; sourceTree = "<group>"; };
		8233D77E1803CB6200942BB6 /* NewsFeedPost.m */ = {isa = PBXFileReference; fileEncoding = 4; lastKnownFileType = sourcecode.c.objc; path = NewsFeedPost.m; sourceTree = "<group>"; };
		827CA90517EB07A800490E88 /* GitHubView.app */ = {isa = PBXFileReference; explicitFileType = wrapper.application; includeInIndex = 0; path = GitHubView.app; sourceTree = BUILT_PRODUCTS_DIR; };
		827CA90817EB07A800490E88 /* Foundation.framework */ = {isa = PBXFileReference; lastKnownFileType = wrapper.framework; name = Foundation.framework; path = System/Library/Frameworks/Foundation.framework; sourceTree = SDKROOT; };
		827CA90A17EB07A800490E88 /* CoreGraphics.framework */ = {isa = PBXFileReference; lastKnownFileType = wrapper.framework; name = CoreGraphics.framework; path = System/Library/Frameworks/CoreGraphics.framework; sourceTree = SDKROOT; };
		827CA90C17EB07A800490E88 /* UIKit.framework */ = {isa = PBXFileReference; lastKnownFileType = wrapper.framework; name = UIKit.framework; path = System/Library/Frameworks/UIKit.framework; sourceTree = SDKROOT; };
		827CA91017EB07A800490E88 /* GitHubView-Info.plist */ = {isa = PBXFileReference; lastKnownFileType = text.plist.xml; path = "GitHubView-Info.plist"; sourceTree = "<group>"; };
		827CA91217EB07A800490E88 /* en */ = {isa = PBXFileReference; lastKnownFileType = text.plist.strings; name = en; path = en.lproj/InfoPlist.strings; sourceTree = "<group>"; };
		827CA91417EB07A800490E88 /* main.m */ = {isa = PBXFileReference; lastKnownFileType = sourcecode.c.objc; path = main.m; sourceTree = "<group>"; };
		827CA91617EB07A800490E88 /* GitHubView-Prefix.pch */ = {isa = PBXFileReference; lastKnownFileType = sourcecode.c.h; path = "GitHubView-Prefix.pch"; sourceTree = "<group>"; };
		827CA91717EB07A800490E88 /* AppDelegate.h */ = {isa = PBXFileReference; lastKnownFileType = sourcecode.c.h; path = AppDelegate.h; sourceTree = "<group>"; };
		827CA91817EB07A800490E88 /* AppDelegate.m */ = {isa = PBXFileReference; lastKnownFileType = sourcecode.c.objc; path = AppDelegate.m; sourceTree = "<group>"; };
		827CA91A17EB07A800490E88 /* Images.xcassets */ = {isa = PBXFileReference; lastKnownFileType = folder.assetcatalog; path = Images.xcassets; sourceTree = "<group>"; };
		827CA92017EB07A800490E88 /* GitHubViewTests.xctest */ = {isa = PBXFileReference; explicitFileType = wrapper.cfbundle; includeInIndex = 0; path = GitHubViewTests.xctest; sourceTree = BUILT_PRODUCTS_DIR; };
		827CA92117EB07A800490E88 /* XCTest.framework */ = {isa = PBXFileReference; lastKnownFileType = wrapper.framework; name = XCTest.framework; path = Library/Frameworks/XCTest.framework; sourceTree = DEVELOPER_DIR; };
		827CA92917EB07A800490E88 /* GitHubViewTests-Info.plist */ = {isa = PBXFileReference; lastKnownFileType = text.plist.xml; path = "GitHubViewTests-Info.plist"; sourceTree = "<group>"; };
		827CA92B17EB07A800490E88 /* en */ = {isa = PBXFileReference; lastKnownFileType = text.plist.strings; name = en; path = en.lproj/InfoPlist.strings; sourceTree = "<group>"; };
		827CA92D17EB07A800490E88 /* GitHubViewTests.m */ = {isa = PBXFileReference; lastKnownFileType = sourcecode.c.objc; path = GitHubViewTests.m; sourceTree = "<group>"; };
		827CA93817EB088D00490E88 /* PKRevealController.h */ = {isa = PBXFileReference; fileEncoding = 4; lastKnownFileType = sourcecode.c.h; path = PKRevealController.h; sourceTree = "<group>"; };
		827CA93917EB088D00490E88 /* PKRevealController.m */ = {isa = PBXFileReference; fileEncoding = 4; lastKnownFileType = sourcecode.c.objc; path = PKRevealController.m; sourceTree = "<group>"; };
		827CA93A17EB088D00490E88 /* PKRevealControllerContainerView.h */ = {isa = PBXFileReference; fileEncoding = 4; lastKnownFileType = sourcecode.c.h; path = PKRevealControllerContainerView.h; sourceTree = "<group>"; };
		827CA93B17EB088D00490E88 /* PKRevealControllerContainerView.m */ = {isa = PBXFileReference; fileEncoding = 4; lastKnownFileType = sourcecode.c.objc; path = PKRevealControllerContainerView.m; sourceTree = "<group>"; };
		827CA93C17EB088D00490E88 /* UIViewController+PKRevealController.h */ = {isa = PBXFileReference; fileEncoding = 4; lastKnownFileType = sourcecode.c.h; path = "UIViewController+PKRevealController.h"; sourceTree = "<group>"; };
		827CA93D17EB088D00490E88 /* UIViewController+PKRevealController.m */ = {isa = PBXFileReference; fileEncoding = 4; lastKnownFileType = sourcecode.c.objc; path = "UIViewController+PKRevealController.m"; sourceTree = "<group>"; };
		827CA94617EB09B200490E88 /* LeftMenuViewController.h */ = {isa = PBXFileReference; fileEncoding = 4; lastKnownFileType = sourcecode.c.h; path = LeftMenuViewController.h; sourceTree = "<group>"; };
		827CA94717EB09B200490E88 /* LeftMenuViewController.m */ = {isa = PBXFileReference; fileEncoding = 4; lastKnownFileType = sourcecode.c.objc; path = LeftMenuViewController.m; sourceTree = "<group>"; };
		827CA94817EB09B200490E88 /* LeftMenuViewController.xib */ = {isa = PBXFileReference; fileEncoding = 4; lastKnownFileType = file.xib; path = LeftMenuViewController.xib; sourceTree = "<group>"; };
		827CA94B17EB0A0C00490E88 /* NewsFeedViewController.h */ = {isa = PBXFileReference; fileEncoding = 4; lastKnownFileType = sourcecode.c.h; path = NewsFeedViewController.h; sourceTree = "<group>"; };
		827CA94C17EB0A0C00490E88 /* NewsFeedViewController.m */ = {isa = PBXFileReference; fileEncoding = 4; lastKnownFileType = sourcecode.c.objc; path = NewsFeedViewController.m; sourceTree = "<group>"; };
		827CA94D17EB0A0C00490E88 /* NewsFeedViewController.xib */ = {isa = PBXFileReference; fileEncoding = 4; lastKnownFileType = file.xib; path = NewsFeedViewController.xib; sourceTree = "<group>"; };
		82E6512D17F57E93000653F2 /* AccountViewController.h */ = {isa = PBXFileReference; fileEncoding = 4; lastKnownFileType = sourcecode.c.h; path = AccountViewController.h; sourceTree = "<group>"; };
		82E6512E17F57E93000653F2 /* AccountViewController.m */ = {isa = PBXFileReference; fileEncoding = 4; lastKnownFileType = sourcecode.c.objc; path = AccountViewController.m; sourceTree = "<group>"; };
		82E6512F17F57E93000653F2 /* AccountViewController.xib */ = {isa = PBXFileReference; fileEncoding = 4; lastKnownFileType = file.xib; path = AccountViewController.xib; sourceTree = "<group>"; };
		82F26C0F180775A80069B9D7 /* RepoInfoViewController.h */ = {isa = PBXFileReference; fileEncoding = 4; lastKnownFileType = sourcecode.c.h; path = RepoInfoViewController.h; sourceTree = "<group>"; };
		82F26C10180775A80069B9D7 /* RepoInfoViewController.m */ = {isa = PBXFileReference; fileEncoding = 4; lastKnownFileType = sourcecode.c.objc; path = RepoInfoViewController.m; sourceTree = "<group>"; };
		82F26C11180775A80069B9D7 /* RepoInfoViewController.xib */ = {isa = PBXFileReference; fileEncoding = 4; lastKnownFileType = file.xib; path = RepoInfoViewController.xib; sourceTree = "<group>"; };
/* End PBXFileReference section */

/* Begin PBXFrameworksBuildPhase section */
		827CA90217EB07A800490E88 /* Frameworks */ = {
			isa = PBXFrameworksBuildPhase;
			buildActionMask = 2147483647;
			files = (
				827CA90B17EB07A800490E88 /* CoreGraphics.framework in Frameworks */,
				827CA90D17EB07A800490E88 /* UIKit.framework in Frameworks */,
				827CA90917EB07A800490E88 /* Foundation.framework in Frameworks */,
			);
			runOnlyForDeploymentPostprocessing = 0;
		};
		827CA91D17EB07A800490E88 /* Frameworks */ = {
			isa = PBXFrameworksBuildPhase;
			buildActionMask = 2147483647;
			files = (
				827CA92217EB07A800490E88 /* XCTest.framework in Frameworks */,
				827CA92417EB07A800490E88 /* UIKit.framework in Frameworks */,
				827CA92317EB07A800490E88 /* Foundation.framework in Frameworks */,
			);
			runOnlyForDeploymentPostprocessing = 0;
		};
/* End PBXFrameworksBuildPhase section */

/* Begin PBXGroup section */
		1F0C54D4180269FE00CAFC23 /* AFNetworking */ = {
			isa = PBXGroup;
			children = (
				1F0C54D5180269FE00CAFC23 /* AFHTTPRequestOperation.h */,
				1F0C54D6180269FE00CAFC23 /* AFHTTPRequestOperation.m */,
				1F0C54D7180269FE00CAFC23 /* AFHTTPRequestOperationManager.h */,
				1F0C54D8180269FE00CAFC23 /* AFHTTPRequestOperationManager.m */,
				1F0C54D9180269FE00CAFC23 /* AFHTTPSessionManager.h */,
				1F0C54DA180269FE00CAFC23 /* AFHTTPSessionManager.m */,
				1F0C54DB180269FE00CAFC23 /* AFNetworking.h */,
				1F0C54DC180269FE00CAFC23 /* AFNetworkReachabilityManager.h */,
				1F0C54DD180269FE00CAFC23 /* AFNetworkReachabilityManager.m */,
				1F0C54DE180269FE00CAFC23 /* AFSecurityPolicy.h */,
				1F0C54DF180269FE00CAFC23 /* AFSecurityPolicy.m */,
				1F0C54E0180269FE00CAFC23 /* AFURLConnectionOperation.h */,
				1F0C54E1180269FE00CAFC23 /* AFURLConnectionOperation.m */,
				1F0C54E2180269FE00CAFC23 /* AFURLRequestSerialization.h */,
				1F0C54E3180269FE00CAFC23 /* AFURLRequestSerialization.m */,
				1F0C54E4180269FE00CAFC23 /* AFURLResponseSerialization.h */,
				1F0C54E5180269FE00CAFC23 /* AFURLResponseSerialization.m */,
				1F0C54E6180269FE00CAFC23 /* AFURLSessionManager.h */,
				1F0C54E7180269FE00CAFC23 /* AFURLSessionManager.m */,
			);
			path = AFNetworking;
			sourceTree = "<group>";
		};
		827CA8FC17EB07A800490E88 = {
			isa = PBXGroup;
			children = (
				82170D4F17FBA21500F311BA /* LICENSE */,
				82170D4D17FBA1EB00F311BA /* .gitignore */,
				827CA90E17EB07A800490E88 /* GitHubView */,
				827CA92717EB07A800490E88 /* GitHubViewTests */,
				827CA90717EB07A800490E88 /* Frameworks */,
				827CA90617EB07A800490E88 /* Products */,
			);
			sourceTree = "<group>";
		};
		827CA90617EB07A800490E88 /* Products */ = {
			isa = PBXGroup;
			children = (
				827CA90517EB07A800490E88 /* GitHubView.app */,
				827CA92017EB07A800490E88 /* GitHubViewTests.xctest */,
			);
			name = Products;
			sourceTree = "<group>";
		};
		827CA90717EB07A800490E88 /* Frameworks */ = {
			isa = PBXGroup;
			children = (
				827CA90817EB07A800490E88 /* Foundation.framework */,
				827CA90A17EB07A800490E88 /* CoreGraphics.framework */,
				827CA90C17EB07A800490E88 /* UIKit.framework */,
				827CA92117EB07A800490E88 /* XCTest.framework */,
			);
			name = Frameworks;
			sourceTree = "<group>";
		};
		827CA90E17EB07A800490E88 /* GitHubView */ = {
			isa = PBXGroup;
			children = (
				1F0C54D4180269FE00CAFC23 /* AFNetworking */,
				827CA93717EB088D00490E88 /* PKRevealController */,
				827CA91717EB07A800490E88 /* AppDelegate.h */,
				827CA91817EB07A800490E88 /* AppDelegate.m */,
				827CA91A17EB07A800490E88 /* Images.xcassets */,
				827CA90F17EB07A800490E88 /* Supporting Files */,
				827CA94617EB09B200490E88 /* LeftMenuViewController.h */,
				827CA94717EB09B200490E88 /* LeftMenuViewController.m */,
				827CA94817EB09B200490E88 /* LeftMenuViewController.xib */,
				827CA94B17EB0A0C00490E88 /* NewsFeedViewController.h */,
				827CA94C17EB0A0C00490E88 /* NewsFeedViewController.m */,
				827CA94D17EB0A0C00490E88 /* NewsFeedViewController.xib */,
				8233D77A1803CB0300942BB6 /* NewsFeedChannel.h */,
				8233D77B1803CB0300942BB6 /* NewsFeedChannel.m */,
				8233D77D1803CB6200942BB6 /* NewsFeedPost.h */,
				8233D77E1803CB6200942BB6 /* NewsFeedPost.m */,
				82F26C0F180775A80069B9D7 /* RepoInfoViewController.h */,
				82F26C10180775A80069B9D7 /* RepoInfoViewController.m */,
				82F26C11180775A80069B9D7 /* RepoInfoViewController.xib */,
				8215E4DC17FAB6EC00B0F43C /* StarsViewController.h */,
				8215E4DD17FAB6EC00B0F43C /* StarsViewController.m */,
				8215E4DE17FAB6EC00B0F43C /* StarsViewController.xib */,
				8215E4E117FAB6FF00B0F43C /* IssuesViewController.h */,
				8215E4E217FAB6FF00B0F43C /* IssuesViewController.m */,
				8215E4E317FAB6FF00B0F43C /* IssuesViewController.xib */,
				8215E4E617FAB70A00B0F43C /* RepositoryViewController.h */,
				8215E4E717FAB70A00B0F43C /* RepositoryViewController.m */,
				8215E4E817FAB70A00B0F43C /* RepositoryViewController.xib */,
				8215E4EB17FAB71300B0F43C /* UsersViewController.h */,
				8215E4EC17FAB71300B0F43C /* UsersViewController.m */,
				8215E4ED17FAB71300B0F43C /* UsersViewController.xib */,
				82E6512D17F57E93000653F2 /* AccountViewController.h */,
				82E6512E17F57E93000653F2 /* AccountViewController.m */,
				82E6512F17F57E93000653F2 /* AccountViewController.xib */,
				8215E4F017FAB72100B0F43C /* SettingsViewController.h */,
				8215E4F117FAB72100B0F43C /* SettingsViewController.m */,
				8215E4F217FAB72100B0F43C /* SettingsViewController.xib */,
				1F1AFAD917FBE6E7001072F3 /* ConfigHelper.h */,
				1F1AFADA17FBE6E7001072F3 /* ConfigHelper.m */,
				1F1AFADC17FBF419001072F3 /* HelpViewController.h */,
				1F1AFADD17FBF419001072F3 /* HelpViewController.m */,
				1F1AFADE17FBF419001072F3 /* HelpViewController.xib */,
				1F1AFAE117FBF436001072F3 /* AboutViewController.h */,
				1F1AFAE217FBF436001072F3 /* AboutViewController.m */,
				1F1AFAE317FBF436001072F3 /* AboutViewController.xib */,
				1F00C44D180643A800E6A248 /* HelperTools.h */,
				1F00C44E180643A800E6A248 /* HelperTools.m */,
				821F6E791808AAFF00BE0B74 /* WebViewController.h */,
				821F6E7A1808AAFF00BE0B74 /* WebViewController.m */,
				821F6E7B1808AAFF00BE0B74 /* WebViewController.xib */,
			);
			path = GitHubView;
			sourceTree = "<group>";
		};
		827CA90F17EB07A800490E88 /* Supporting Files */ = {
			isa = PBXGroup;
			children = (
				827CA91017EB07A800490E88 /* GitHubView-Info.plist */,
				827CA91117EB07A800490E88 /* InfoPlist.strings */,
				827CA91417EB07A800490E88 /* main.m */,
				827CA91617EB07A800490E88 /* GitHubView-Prefix.pch */,
			);
			name = "Supporting Files";
			sourceTree = "<group>";
		};
		827CA92717EB07A800490E88 /* GitHubViewTests */ = {
			isa = PBXGroup;
			children = (
				827CA92D17EB07A800490E88 /* GitHubViewTests.m */,
				827CA92817EB07A800490E88 /* Supporting Files */,
			);
			path = GitHubViewTests;
			sourceTree = "<group>";
		};
		827CA92817EB07A800490E88 /* Supporting Files */ = {
			isa = PBXGroup;
			children = (
				827CA92917EB07A800490E88 /* GitHubViewTests-Info.plist */,
				827CA92A17EB07A800490E88 /* InfoPlist.strings */,
			);
			name = "Supporting Files";
			sourceTree = "<group>";
		};
		827CA93717EB088D00490E88 /* PKRevealController */ = {
			isa = PBXGroup;
			children = (
				827CA93817EB088D00490E88 /* PKRevealController.h */,
				827CA93917EB088D00490E88 /* PKRevealController.m */,
				827CA93A17EB088D00490E88 /* PKRevealControllerContainerView.h */,
				827CA93B17EB088D00490E88 /* PKRevealControllerContainerView.m */,
				827CA93C17EB088D00490E88 /* UIViewController+PKRevealController.h */,
				827CA93D17EB088D00490E88 /* UIViewController+PKRevealController.m */,
			);
			path = PKRevealController;
			sourceTree = "<group>";
		};
/* End PBXGroup section */

/* Begin PBXNativeTarget section */
		827CA90417EB07A800490E88 /* GitHubView */ = {
			isa = PBXNativeTarget;
			buildConfigurationList = 827CA93117EB07A800490E88 /* Build configuration list for PBXNativeTarget "GitHubView" */;
			buildPhases = (
				827CA90117EB07A800490E88 /* Sources */,
				827CA90217EB07A800490E88 /* Frameworks */,
				827CA90317EB07A800490E88 /* Resources */,
			);
			buildRules = (
			);
			dependencies = (
			);
			name = GitHubView;
			productName = GitHubView;
			productReference = 827CA90517EB07A800490E88 /* GitHubView.app */;
			productType = "com.apple.product-type.application";
		};
		827CA91F17EB07A800490E88 /* GitHubViewTests */ = {
			isa = PBXNativeTarget;
			buildConfigurationList = 827CA93417EB07A800490E88 /* Build configuration list for PBXNativeTarget "GitHubViewTests" */;
			buildPhases = (
				827CA91C17EB07A800490E88 /* Sources */,
				827CA91D17EB07A800490E88 /* Frameworks */,
				827CA91E17EB07A800490E88 /* Resources */,
			);
			buildRules = (
			);
			dependencies = (
				827CA92617EB07A800490E88 /* PBXTargetDependency */,
			);
			name = GitHubViewTests;
			productName = GitHubViewTests;
			productReference = 827CA92017EB07A800490E88 /* GitHubViewTests.xctest */;
			productType = "com.apple.product-type.bundle.unit-test";
		};
/* End PBXNativeTarget section */

/* Begin PBXProject section */
		827CA8FD17EB07A800490E88 /* Project object */ = {
			isa = PBXProject;
			attributes = {
				LastUpgradeCheck = 0500;
				ORGANIZATIONNAME = "Sungju Kwon";
				TargetAttributes = {
					827CA91F17EB07A800490E88 = {
						TestTargetID = 827CA90417EB07A800490E88;
					};
				};
			};
			buildConfigurationList = 827CA90017EB07A800490E88 /* Build configuration list for PBXProject "GitHubView" */;
			compatibilityVersion = "Xcode 3.2";
			developmentRegion = English;
			hasScannedForEncodings = 0;
			knownRegions = (
				en,
			);
			mainGroup = 827CA8FC17EB07A800490E88;
			productRefGroup = 827CA90617EB07A800490E88 /* Products */;
			projectDirPath = "";
			projectRoot = "";
			targets = (
				827CA90417EB07A800490E88 /* GitHubView */,
				827CA91F17EB07A800490E88 /* GitHubViewTests */,
			);
		};
/* End PBXProject section */

/* Begin PBXResourcesBuildPhase section */
		827CA90317EB07A800490E88 /* Resources */ = {
			isa = PBXResourcesBuildPhase;
			buildActionMask = 2147483647;
			files = (
				827CA91317EB07A800490E88 /* InfoPlist.strings in Resources */,
				827CA91B17EB07A800490E88 /* Images.xcassets in Resources */,
				8215E4E017FAB6EC00B0F43C /* StarsViewController.xib in Resources */,
				821F6E7D1808AAFF00BE0B74 /* WebViewController.xib in Resources */,
				8215E4E517FAB6FF00B0F43C /* IssuesViewController.xib in Resources */,
				82170D4E17FBA1EB00F311BA /* .gitignore in Resources */,
				8215E4EA17FAB70A00B0F43C /* RepositoryViewController.xib in Resources */,
				82170D5017FBA21500F311BA /* LICENSE in Resources */,
				827CA94A17EB09B200490E88 /* LeftMenuViewController.xib in Resources */,
				1F1AFAE517FBF436001072F3 /* AboutViewController.xib in Resources */,
				827CA94F17EB0A0C00490E88 /* NewsFeedViewController.xib in Resources */,
				1F1AFAE017FBF419001072F3 /* HelpViewController.xib in Resources */,
				8215E4EF17FAB71300B0F43C /* UsersViewController.xib in Resources */,
				82E6513117F57E93000653F2 /* AccountViewController.xib in Resources */,
				8215E4F417FAB72100B0F43C /* SettingsViewController.xib in Resources */,
				82F26C13180775A80069B9D7 /* RepoInfoViewController.xib in Resources */,
			);
			runOnlyForDeploymentPostprocessing = 0;
		};
		827CA91E17EB07A800490E88 /* Resources */ = {
			isa = PBXResourcesBuildPhase;
			buildActionMask = 2147483647;
			files = (
				827CA92C17EB07A800490E88 /* InfoPlist.strings in Resources */,
			);
			runOnlyForDeploymentPostprocessing = 0;
		};
/* End PBXResourcesBuildPhase section */

/* Begin PBXSourcesBuildPhase section */
		827CA90117EB07A800490E88 /* Sources */ = {
			isa = PBXSourcesBuildPhase;
			buildActionMask = 2147483647;
			files = (
				1F0C54F0180269FE00CAFC23 /* AFURLSessionManager.m in Sources */,
				821F6E7C1808AAFF00BE0B74 /* WebViewController.m in Sources */,
				1F0C54ED180269FE00CAFC23 /* AFURLConnectionOperation.m in Sources */,
				827CA93F17EB088D00490E88 /* PKRevealControllerContainerView.m in Sources */,
				1F0C54EA180269FE00CAFC23 /* AFHTTPSessionManager.m in Sources */,
				1F0C54EB180269FE00CAFC23 /* AFNetworkReachabilityManager.m in Sources */,
				827CA94E17EB0A0C00490E88 /* NewsFeedViewController.m in Sources */,
				827CA93E17EB088D00490E88 /* PKRevealController.m in Sources */,
				1F1AFADB17FBE6E7001072F3 /* ConfigHelper.m in Sources */,
				8233D77C1803CB0300942BB6 /* NewsFeedChannel.m in Sources */,
				1F00C44F180643A800E6A248 /* HelperTools.m in Sources */,
				827CA94017EB088D00490E88 /* UIViewController+PKRevealController.m in Sources */,
				8233D77F1803CB6200942BB6 /* NewsFeedPost.m in Sources */,
				82F26C12180775A80069B9D7 /* RepoInfoViewController.m in Sources */,
				1F0C54EC180269FE00CAFC23 /* AFSecurityPolicy.m in Sources */,
				8215E4DF17FAB6EC00B0F43C /* StarsViewController.m in Sources */,
				827CA91917EB07A800490E88 /* AppDelegate.m in Sources */,
				8215E4E917FAB70A00B0F43C /* RepositoryViewController.m in Sources */,
				1F0C54E9180269FE00CAFC23 /* AFHTTPRequestOperationManager.m in Sources */,
				8215E4E417FAB6FF00B0F43C /* IssuesViewController.m in Sources */,
				827CA94917EB09B200490E88 /* LeftMenuViewController.m in Sources */,
				1F1AFAE417FBF436001072F3 /* AboutViewController.m in Sources */,
				1F1AFADF17FBF419001072F3 /* HelpViewController.m in Sources */,
				8215E4EE17FAB71300B0F43C /* UsersViewController.m in Sources */,
				82E6513017F57E93000653F2 /* AccountViewController.m in Sources */,
				827CA91517EB07A800490E88 /* main.m in Sources */,
				1F0C54EE180269FE00CAFC23 /* AFURLRequestSerialization.m in Sources */,
				1F0C54E8180269FE00CAFC23 /* AFHTTPRequestOperation.m in Sources */,
				1F0C54EF180269FE00CAFC23 /* AFURLResponseSerialization.m in Sources */,
				8215E4F317FAB72100B0F43C /* SettingsViewController.m in Sources */,
			);
			runOnlyForDeploymentPostprocessing = 0;
		};
		827CA91C17EB07A800490E88 /* Sources */ = {
			isa = PBXSourcesBuildPhase;
			buildActionMask = 2147483647;
			files = (
				827CA92E17EB07A800490E88 /* GitHubViewTests.m in Sources */,
			);
			runOnlyForDeploymentPostprocessing = 0;
		};
/* End PBXSourcesBuildPhase section */

/* Begin PBXTargetDependency section */
		827CA92617EB07A800490E88 /* PBXTargetDependency */ = {
			isa = PBXTargetDependency;
			target = 827CA90417EB07A800490E88 /* GitHubView */;
			targetProxy = 827CA92517EB07A800490E88 /* PBXContainerItemProxy */;
		};
/* End PBXTargetDependency section */

/* Begin PBXVariantGroup section */
		827CA91117EB07A800490E88 /* InfoPlist.strings */ = {
			isa = PBXVariantGroup;
			children = (
				827CA91217EB07A800490E88 /* en */,
			);
			name = InfoPlist.strings;
			sourceTree = "<group>";
		};
		827CA92A17EB07A800490E88 /* InfoPlist.strings */ = {
			isa = PBXVariantGroup;
			children = (
				827CA92B17EB07A800490E88 /* en */,
			);
			name = InfoPlist.strings;
			sourceTree = "<group>";
		};
/* End PBXVariantGroup section */

/* Begin XCBuildConfiguration section */
		827CA92F17EB07A800490E88 /* Debug */ = {
			isa = XCBuildConfiguration;
			buildSettings = {
				ALWAYS_SEARCH_USER_PATHS = NO;
				ARCHS = "$(ARCHS_STANDARD_INCLUDING_64_BIT)";
				CLANG_CXX_LANGUAGE_STANDARD = "gnu++0x";
				CLANG_CXX_LIBRARY = "libc++";
				CLANG_ENABLE_MODULES = YES;
				CLANG_ENABLE_OBJC_ARC = YES;
				CLANG_WARN_BOOL_CONVERSION = YES;
				CLANG_WARN_CONSTANT_CONVERSION = YES;
				CLANG_WARN_DIRECT_OBJC_ISA_USAGE = YES_ERROR;
				CLANG_WARN_EMPTY_BODY = YES;
				CLANG_WARN_ENUM_CONVERSION = YES;
				CLANG_WARN_INT_CONVERSION = YES;
				CLANG_WARN_OBJC_ROOT_CLASS = YES_ERROR;
				CLANG_WARN__DUPLICATE_METHOD_MATCH = YES;
				"CODE_SIGN_IDENTITY[sdk=iphoneos*]" = "iPhone Developer";
				COPY_PHASE_STRIP = NO;
				GCC_C_LANGUAGE_STANDARD = gnu99;
				GCC_DYNAMIC_NO_PIC = NO;
				GCC_OPTIMIZATION_LEVEL = 0;
				GCC_PREPROCESSOR_DEFINITIONS = (
					"DEBUG=1",
					"$(inherited)",
				);
				GCC_SYMBOLS_PRIVATE_EXTERN = NO;
				GCC_WARN_64_TO_32_BIT_CONVERSION = YES;
				GCC_WARN_ABOUT_RETURN_TYPE = YES_ERROR;
				GCC_WARN_UNDECLARED_SELECTOR = YES;
				GCC_WARN_UNINITIALIZED_AUTOS = YES;
				GCC_WARN_UNUSED_FUNCTION = YES;
				GCC_WARN_UNUSED_VARIABLE = YES;
				IPHONEOS_DEPLOYMENT_TARGET = 7.0;
				ONLY_ACTIVE_ARCH = YES;
				SDKROOT = iphoneos;
				TARGETED_DEVICE_FAMILY = "1,2";
			};
			name = Debug;
		};
		827CA93017EB07A800490E88 /* Release */ = {
			isa = XCBuildConfiguration;
			buildSettings = {
				ALWAYS_SEARCH_USER_PATHS = NO;
				ARCHS = "$(ARCHS_STANDARD_INCLUDING_64_BIT)";
				CLANG_CXX_LANGUAGE_STANDARD = "gnu++0x";
				CLANG_CXX_LIBRARY = "libc++";
				CLANG_ENABLE_MODULES = YES;
				CLANG_ENABLE_OBJC_ARC = YES;
				CLANG_WARN_BOOL_CONVERSION = YES;
				CLANG_WARN_CONSTANT_CONVERSION = YES;
				CLANG_WARN_DIRECT_OBJC_ISA_USAGE = YES_ERROR;
				CLANG_WARN_EMPTY_BODY = YES;
				CLANG_WARN_ENUM_CONVERSION = YES;
				CLANG_WARN_INT_CONVERSION = YES;
				CLANG_WARN_OBJC_ROOT_CLASS = YES_ERROR;
				CLANG_WARN__DUPLICATE_METHOD_MATCH = YES;
				"CODE_SIGN_IDENTITY[sdk=iphoneos*]" = "iPhone Developer";
				COPY_PHASE_STRIP = YES;
				ENABLE_NS_ASSERTIONS = NO;
				GCC_C_LANGUAGE_STANDARD = gnu99;
				GCC_WARN_64_TO_32_BIT_CONVERSION = YES;
				GCC_WARN_ABOUT_RETURN_TYPE = YES_ERROR;
				GCC_WARN_UNDECLARED_SELECTOR = YES;
				GCC_WARN_UNINITIALIZED_AUTOS = YES;
				GCC_WARN_UNUSED_FUNCTION = YES;
				GCC_WARN_UNUSED_VARIABLE = YES;
				IPHONEOS_DEPLOYMENT_TARGET = 7.0;
				SDKROOT = iphoneos;
				TARGETED_DEVICE_FAMILY = "1,2";
				VALIDATE_PRODUCT = YES;
			};
			name = Release;
		};
		827CA93217EB07A800490E88 /* Debug */ = {
			isa = XCBuildConfiguration;
			buildSettings = {
				ASSETCATALOG_COMPILER_APPICON_NAME = AppIcon;
				ASSETCATALOG_COMPILER_LAUNCHIMAGE_NAME = LaunchImage;
				GCC_PRECOMPILE_PREFIX_HEADER = YES;
				GCC_PREFIX_HEADER = "GitHubView/GitHubView-Prefix.pch";
				INFOPLIST_FILE = "GitHubView/GitHubView-Info.plist";
				PRODUCT_NAME = "$(TARGET_NAME)";
				WRAPPER_EXTENSION = app;
			};
			name = Debug;
		};
		827CA93317EB07A800490E88 /* Release */ = {
			isa = XCBuildConfiguration;
			buildSettings = {
				ASSETCATALOG_COMPILER_APPICON_NAME = AppIcon;
				ASSETCATALOG_COMPILER_LAUNCHIMAGE_NAME = LaunchImage;
				GCC_PRECOMPILE_PREFIX_HEADER = YES;
				GCC_PREFIX_HEADER = "GitHubView/GitHubView-Prefix.pch";
				INFOPLIST_FILE = "GitHubView/GitHubView-Info.plist";
				PRODUCT_NAME = "$(TARGET_NAME)";
				WRAPPER_EXTENSION = app;
			};
			name = Release;
		};
		827CA93517EB07A800490E88 /* Debug */ = {
			isa = XCBuildConfiguration;
			buildSettings = {
				ARCHS = "$(ARCHS_STANDARD_INCLUDING_64_BIT)";
				BUNDLE_LOADER = "$(BUILT_PRODUCTS_DIR)/GitHubView.app/GitHubView";
				FRAMEWORK_SEARCH_PATHS = (
					"$(SDKROOT)/Developer/Library/Frameworks",
					"$(inherited)",
					"$(DEVELOPER_FRAMEWORKS_DIR)",
				);
				GCC_PRECOMPILE_PREFIX_HEADER = YES;
				GCC_PREFIX_HEADER = "GitHubView/GitHubView-Prefix.pch";
				GCC_PREPROCESSOR_DEFINITIONS = (
					"DEBUG=1",
					"$(inherited)",
				);
				INFOPLIST_FILE = "GitHubViewTests/GitHubViewTests-Info.plist";
				PRODUCT_NAME = "$(TARGET_NAME)";
				TEST_HOST = "$(BUNDLE_LOADER)";
				WRAPPER_EXTENSION = xctest;
			};
			name = Debug;
		};
		827CA93617EB07A800490E88 /* Release */ = {
			isa = XCBuildConfiguration;
			buildSettings = {
				ARCHS = "$(ARCHS_STANDARD_INCLUDING_64_BIT)";
				BUNDLE_LOADER = "$(BUILT_PRODUCTS_DIR)/GitHubView.app/GitHubView";
				FRAMEWORK_SEARCH_PATHS = (
					"$(SDKROOT)/Developer/Library/Frameworks",
					"$(inherited)",
					"$(DEVELOPER_FRAMEWORKS_DIR)",
				);
				GCC_PRECOMPILE_PREFIX_HEADER = YES;
				GCC_PREFIX_HEADER = "GitHubView/GitHubView-Prefix.pch";
				INFOPLIST_FILE = "GitHubViewTests/GitHubViewTests-Info.plist";
				PRODUCT_NAME = "$(TARGET_NAME)";
				TEST_HOST = "$(BUNDLE_LOADER)";
				WRAPPER_EXTENSION = xctest;
			};
			name = Release;
		};
/* End XCBuildConfiguration section */

/* Begin XCConfigurationList section */
		827CA90017EB07A800490E88 /* Build configuration list for PBXProject "GitHubView" */ = {
			isa = XCConfigurationList;
			buildConfigurations = (
				827CA92F17EB07A800490E88 /* Debug */,
				827CA93017EB07A800490E88 /* Release */,
			);
			defaultConfigurationIsVisible = 0;
			defaultConfigurationName = Release;
		};
		827CA93117EB07A800490E88 /* Build configuration list for PBXNativeTarget "GitHubView" */ = {
			isa = XCConfigurationList;
			buildConfigurations = (
				827CA93217EB07A800490E88 /* Debug */,
				827CA93317EB07A800490E88 /* Release */,
			);
			defaultConfigurationIsVisible = 0;
			defaultConfigurationName = Release;
		};
		827CA93417EB07A800490E88 /* Build configuration list for PBXNativeTarget "GitHubViewTests" */ = {
			isa = XCConfigurationList;
			buildConfigurations = (
				827CA93517EB07A800490E88 /* Debug */,
				827CA93617EB07A800490E88 /* Release */,
			);
			defaultConfigurationIsVisible = 0;
			defaultConfigurationName = Release;
		};
/* End XCConfigurationList section */
	};
	rootObject = 827CA8FD17EB07A800490E88 /* Project object */;
}
